{
  "name": "r_edit",
  "version": "1.0.0",
  "lockfileVersion": 3,
  "requires": true,
  "packages": {
    "": {
      "name": "r_edit",
      "version": "1.0.0",
      "license": "ISC",
      "dependencies": {
        "r_edit": "file:"
      }
    },
    "node_modules/r_edit": {
      "resolved": "",
      "link": true
    }
  }
}
